
Microsoft Visual Studio Solution File, Format Version 12.00
# Visual Studio 15
VisualStudioVersion = 15.0.28010.2026
MinimumVisualStudioVersion = 10.0.40219.1
Project("{FAE04EC0-301F-11D3-BF4B-00C04F79EFBC}") = "PixelSynth", "PixelSynth\PixelSynth.csproj", "{6971187F-A3B1-460F-8F9A-17B69FEA1D1F}"
EndProject
Global
	GlobalSection(SolutionConfigurationPlatforms) = preSolution
		Debug|Any CPU = Debug|Any CPU
		Release|Any CPU = Release|Any CPU
	EndGlobalSection
	GlobalSection(ProjectConfigurationPlatforms) = postSolution
		{6971187F-A3B1-460F-8F9A-17B69FEA1D1F}.Debug|Any CPU.ActiveCfg = Debug|Any CPU
		{6971187F-A3B1-460F-8F9A-17B69FEA1D1F}.Debug|Any CPU.Build.0 = Debug|Any CPU
		{6971187F-A3B1-460F-8F9A-17B69FEA1D1F}.Release|Any CPU.ActiveCfg = Release|Any CPU
		{6971187F-A3B1-460F-8F9A-17B69FEA1D1F}.Release|Any CPU.Build.0 = Release|Any CPU
	EndGlobalSection
	GlobalSection(SolutionProperties) = preSolution
		HideSolutionNode = FALSE
	EndGlobalSection
	GlobalSection(ExtensibilityGlobals) = postSolution
		SolutionGuid = {98093589-313E-4C8F-A351-71032BF82716}
	EndGlobalSection
EndGlobal
